// !$*UTF8*$!
{
	archiveVersion = 1;
	classes = {
	};
	objectVersion = 50;
	objects = {

/* Begin PBXBuildFile section */
		3305A39F255E9479007BE9DA /* AppDelegate.swift in Sources */ = {isa = PBXBuildFile; fileRef = 3305A39E255E9479007BE9DA /* AppDelegate.swift */; };
		3305A3A3255E9479007BE9DA /* ViewController.swift in Sources */ = {isa = PBXBuildFile; fileRef = 3305A3A2255E9479007BE9DA /* ViewController.swift */; };
		3305A3A6255E9479007BE9DA /* Main.storyboard in Resources */ = {isa = PBXBuildFile; fileRef = 3305A3A4255E9479007BE9DA /* Main.storyboard */; };
		3305A3A8255E947B007BE9DA /* Assets.xcassets in Resources */ = {isa = PBXBuildFile; fileRef = 3305A3A7255E947B007BE9DA /* Assets.xcassets */; };
		3305A3AB255E947B007BE9DA /* LaunchScreen.storyboard in Resources */ = {isa = PBXBuildFile; fileRef = 3305A3A9255E947B007BE9DA /* LaunchScreen.storyboard */; };
		3305A3B6255E94F9007BE9DA /* Content.swift in Sources */ = {isa = PBXBuildFile; fileRef = 3305A3B5255E94F9007BE9DA /* Content.swift */; };
		3305A3BA255E9753007BE9DA /* SceneDelegate.swift in Sources */ = {isa = PBXBuildFile; fileRef = 3305A3B9255E9753007BE9DA /* SceneDelegate.swift */; };
		8C2714F3256B599B00CCF2B4 /* CustomTableViewCell.swift in Sources */ = {isa = PBXBuildFile; fileRef = 8C2714F1256B599B00CCF2B4 /* CustomTableViewCell.swift */; };
		8C2714F4256B599B00CCF2B4 /* CustomTableViewCell.xib in Resources */ = {isa = PBXBuildFile; fileRef = 8C2714F2256B599B00CCF2B4 /* CustomTableViewCell.xib */; };
/* End PBXBuildFile section */

/* Begin PBXFileReference section */
		3305A39B255E9479007BE9DA /* Day1Homework.app */ = {isa = PBXFileReference; explicitFileType = wrapper.application; includeInIndex = 0; path = Day1Homework.app; sourceTree = BUILT_PRODUCTS_DIR; };
		3305A39E255E9479007BE9DA /* AppDelegate.swift */ = {isa = PBXFileReference; lastKnownFileType = sourcecode.swift; path = AppDelegate.swift; sourceTree = "<group>"; };
		3305A3A2255E9479007BE9DA /* ViewController.swift */ = {isa = PBXFileReference; lastKnownFileType = sourcecode.swift; path = ViewController.swift; sourceTree = "<group>"; };
		3305A3A5255E9479007BE9DA /* Base */ = {isa = PBXFileReference; lastKnownFileType = file.storyboard; name = Base; path = Base.lproj/Main.storyboard; sourceTree = "<group>"; };
		3305A3A7255E947B007BE9DA /* Assets.xcassets */ = {isa = PBXFileReference; lastKnownFileType = folder.assetcatalog; path = Assets.xcassets; sourceTree = "<group>"; };
		3305A3AA255E947B007BE9DA /* Base */ = {isa = PBXFileReference; lastKnownFileType = file.storyboard; name = Base; path = Base.lproj/LaunchScreen.storyboard; sourceTree = "<group>"; };
		3305A3AC255E947B007BE9DA /* Info.plist */ = {isa = PBXFileReference; lastKnownFileType = text.plist.xml; path = Info.plist; sourceTree = "<group>"; };
		3305A3B5255E94F9007BE9DA /* Content.swift */ = {isa = PBXFileReference; lastKnownFileType = sourcecode.swift; path = Content.swift; sourceTree = "<group>"; };
		3305A3B9255E9753007BE9DA /* SceneDelegate.swift */ = {isa = PBXFileReference; fileEncoding = 4; lastKnownFileType = sourcecode.swift; path = SceneDelegate.swift; sourceTree = "<group>"; };
		8C2714F1256B599B00CCF2B4 /* CustomTableViewCell.swift */ = {isa = PBXFileReference; lastKnownFileType = sourcecode.swift; path = CustomTableViewCell.swift; sourceTree = "<group>"; };
		8C2714F2256B599B00CCF2B4 /* CustomTableViewCell.xib */ = {isa = PBXFileReference; lastKnownFileType = file.xib; path = CustomTableViewCell.xib; sourceTree = "<group>"; };
/* End PBXFileReference section */

/* Begin PBXFrameworksBuildPhase section */
		3305A398255E9479007BE9DA /* Frameworks */ = {
			isa = PBXFrameworksBuildPhase;
			buildActionMask = 2147483647;
			files = (
			);
			runOnlyForDeploymentPostprocessing = 0;
		};
/* End PBXFrameworksBuildPhase section */

/* Begin PBXGroup section */
		3305A392255E9479007BE9DA = {
			isa = PBXGroup;
			children = (
				3305A39D255E9479007BE9DA /* Day1Homework */,
				3305A39C255E9479007BE9DA /* Products */,
			);
			sourceTree = "<group>";
		};
		3305A39C255E9479007BE9DA /* Products */ = {
			isa = PBXGroup;
			children = (
				3305A39B255E9479007BE9DA /* Day1Homework.app */,
			);
			name = Products;
			sourceTree = "<group>";
		};
		3305A39D255E9479007BE9DA /* Day1Homework */ = {
			isa = PBXGroup;
			children = (
				3305A3B4255E94EC007BE9DA /* Models */,
				3305A39E255E9479007BE9DA /* AppDelegate.swift */,
				3305A3B9255E9753007BE9DA /* SceneDelegate.swift */,
				3305A3A2255E9479007BE9DA /* ViewController.swift */,
				8C2714F1256B599B00CCF2B4 /* CustomTableViewCell.swift */,
				8C2714F2256B599B00CCF2B4 /* CustomTableViewCell.xib */,
				3305A3A4255E9479007BE9DA /* Main.storyboard */,
				3305A3A7255E947B007BE9DA /* Assets.xcassets */,
				3305A3A9255E947B007BE9DA /* LaunchScreen.storyboard */,
				3305A3AC255E947B007BE9DA /* Info.plist */,
			);
			path = Day1Homework;
			sourceTree = "<group>";
		};
		3305A3B4255E94EC007BE9DA /* Models */ = {
			isa = PBXGroup;
			children = (
				3305A3B5255E94F9007BE9DA /* Content.swift */,
			);
			path = Models;
			sourceTree = "<group>";
		};
/* End PBXGroup section */

/* Begin PBXNativeTarget section */
		3305A39A255E9479007BE9DA /* Day1Homework */ = {
			isa = PBXNativeTarget;
			buildConfigurationList = 3305A3AF255E947B007BE9DA /* Build configuration list for PBXNativeTarget "Day1Homework" */;
			buildPhases = (
				3305A397255E9479007BE9DA /* Sources */,
				3305A398255E9479007BE9DA /* Frameworks */,
				3305A399255E9479007BE9DA /* Resources */,
			);
			buildRules = (
			);
			dependencies = (
			);
			name = Day1Homework;
			productName = Day1Homework;
			productReference = 3305A39B255E9479007BE9DA /* Day1Homework.app */;
			productType = "com.apple.product-type.application";
		};
/* End PBXNativeTarget section */

/* Begin PBXProject section */
		3305A393255E9479007BE9DA /* Project object */ = {
			isa = PBXProject;
			attributes = {
				LastSwiftUpdateCheck = 1200;
				LastUpgradeCheck = 1200;
				TargetAttributes = {
					3305A39A255E9479007BE9DA = {
						CreatedOnToolsVersion = 12.0.1;
					};
				};
			};
			buildConfigurationList = 3305A396255E9479007BE9DA /* Build configuration list for PBXProject "Day1Homework" */;
			compatibilityVersion = "Xcode 9.3";
			developmentRegion = en;
			hasScannedForEncodings = 0;
			knownRegions = (
				en,
				Base,
			);
			mainGroup = 3305A392255E9479007BE9DA;
			productRefGroup = 3305A39C255E9479007BE9DA /* Products */;
			projectDirPath = "";
			projectRoot = "";
			targets = (
				3305A39A255E9479007BE9DA /* Day1Homework */,
			);
		};
/* End PBXProject section */

/* Begin PBXResourcesBuildPhase section */
		3305A399255E9479007BE9DA /* Resources */ = {
			isa = PBXResourcesBuildPhase;
			buildActionMask = 2147483647;
			files = (
				3305A3AB255E947B007BE9DA /* LaunchScreen.storyboard in Resources */,
				3305A3A8255E947B007BE9DA /* Assets.xcassets in Resources */,
				8C2714F4256B599B00CCF2B4 /* CustomTableViewCell.xib in Resources */,
				3305A3A6255E9479007BE9DA /* Main.storyboard in Resources */,
			);
			runOnlyForDeploymentPostprocessing = 0;
		};
/* End PBXResourcesBuildPhase section */

/* Begin PBXSourcesBuildPhase section */
		3305A397255E9479007BE9DA /* Sources */ = {
			isa = PBXSourcesBuildPhase;
			buildActionMask = 2147483647;
			files = (
				3305A3A3255E9479007BE9DA /* ViewController.swift in Sources */,
				8C2714F3256B599B00CCF2B4 /* CustomTableViewCell.swift in Sources */,
				3305A39F255E9479007BE9DA /* AppDelegate.swift in Sources */,
				3305A3B6255E94F9007BE9DA /* Content.swift in Sources */,
				3305A3BA255E9753007BE9DA /* SceneDelegate.swift in Sources */,
			);
			runOnlyForDeploymentPostprocessing = 0;
		};
/* End PBXSourcesBuildPhase section */

/* Begin PBXVariantGroup section */
		3305A3A4255E9479007BE9DA /* Main.storyboard */ = {
			isa = PBXVariantGroup;
			children = (
				3305A3A5255E9479007BE9DA /* Base */,
			);
			name = Main.storyboard;
			sourceTree = "<group>";
		};
		3305A3A9255E947B007BE9DA /* LaunchScreen.storyboard */ = {
			isa = PBXVariantGroup;
			children = (
				3305A3AA255E947B007BE9DA /* Base */,
			);
			name = LaunchScreen.storyboard;
			sourceTree = "<group>";
		};
/* End PBXVariantGroup section */

/* Begin XCBuildConfiguration section */
		3305A3AD255E947B007BE9DA /* Debug */ = {
			isa = XCBuildConfiguration;
			buildSettings = {
				ALWAYS_SEARCH_USER_PATHS = NO;
				CLANG_ANALYZER_NONNULL = YES;
				CLANG_ANALYZER_NUMBER_OBJECT_CONVERSION = YES_AGGRESSIVE;
				CLANG_CXX_LANGUAGE_STANDARD = "gnu++14";
				CLANG_CXX_LIBRARY = "libc++";
				CLANG_ENABLE_MODULES = YES;
				CLANG_ENABLE_OBJC_ARC = YES;
				CLANG_ENABLE_OBJC_WEAK = YES;
				CLANG_WARN_BLOCK_CAPTURE_AUTORELEASING = YES;
				CLANG_WARN_BOOL_CONVERSION = YES;
				CLANG_WARN_COMMA = YES;
				CLANG_WARN_CONSTANT_CONVERSION = YES;
				CLANG_WARN_DEPRECATED_OBJC_IMPLEMENTATIONS = YES;
				CLANG_WARN_DIRECT_OBJC_ISA_USAGE = YES_ERROR;
				CLANG_WARN_DOCUMENTATION_COMMENTS = YES;
				CLANG_WARN_EMPTY_BODY = YES;
				CLANG_WARN_ENUM_CONVERSION = YES;
				CLANG_WARN_INFINITE_RECURSION = YES;
				CLANG_WARN_INT_CONVERSION = YES;
				CLANG_WARN_NON_LITERAL_NULL_CONVERSION = YES;
				CLANG_WARN_OBJC_IMPLICIT_RETAIN_SELF = YES;
				CLANG_WARN_OBJC_LITERAL_CONVERSION = YES;
				CLANG_WARN_OBJC_ROOT_CLASS = YES_ERROR;
				CLANG_WARN_QUOTED_INCLUDE_IN_FRAMEWORK_HEADER = YES;
				CLANG_WARN_RANGE_LOOP_ANALYSIS = YES;
				CLANG_WARN_STRICT_PROTOTYPES = YES;
				CLANG_WARN_SUSPICIOUS_MOVE = YES;
				CLANG_WARN_UNGUARDED_AVAILABILITY = YES_AGGRESSIVE;
				CLANG_WARN_UNREACHABLE_CODE = YES;
				CLANG_WARN__DUPLICATE_METHOD_MATCH = YES;
				COPY_PHASE_STRIP = NO;
				DEBUG_INFORMATION_FORMAT = dwarf;
				ENABLE_STRICT_OBJC_MSGSEND = YES;
				ENABLE_TESTABILITY = YES;
				GCC_C_LANGUAGE_STANDARD = gnu11;
				GCC_DYNAMIC_NO_PIC = NO;
				GCC_NO_COMMON_BLOCKS = YES;
				GCC_OPTIMIZATION_LEVEL = 0;
				GCC_PREPROCESSOR_DEFINITIONS = (
					"DEBUG=1",
					"$(inherited)",
				);
				GCC_WARN_64_TO_32_BIT_CONVERSION = YES;
				GCC_WARN_ABOUT_RETURN_TYPE = YES_ERROR;
				GCC_WARN_UNDECLARED_SELECTOR = YES;
				GCC_WARN_UNINITIALIZED_AUTOS = YES_AGGRESSIVE;
				GCC_WARN_UNUSED_FUNCTION = YES;
				GCC_WARN_UNUSED_VARIABLE = YES;
				IPHONEOS_DEPLOYMENT_TARGET = 14.0;
				MTL_ENABLE_DEBUG_INFO = INCLUDE_SOURCE;
				MTL_FAST_MATH = YES;
				ONLY_ACTIVE_ARCH = YES;
				SDKROOT = iphoneos;
				SWIFT_ACTIVE_COMPILATION_CONDITIONS = DEBUG;
				SWIFT_OPTIMIZATION_LEVEL = "-Onone";
			};
			name = Debug;
		};
		3305A3AE255E947B007BE9DA /* Release */ = {
			isa = XCBuildConfiguration;
			buildSettings = {
				ALWAYS_SEARCH_USER_PATHS = NO;
				CLANG_ANALYZER_NONNULL = YES;
				CLANG_ANALYZER_NUMBER_OBJECT_CONVERSION = YES_AGGRESSIVE;
				CLANG_CXX_LANGUAGE_STANDARD = "gnu++14";
				CLANG_CXX_LIBRARY = "libc++";
				CLANG_ENABLE_MODULES = YES;
				CLANG_ENABLE_OBJC_ARC = YES;
				CLANG_ENABLE_OBJC_WEAK = YES;
				CLANG_WARN_BLOCK_CAPTURE_AUTORELEASING = YES;
				CLANG_WARN_BOOL_CONVERSION = YES;
				CLANG_WARN_COMMA = YES;
				CLANG_WARN_CONSTANT_CONVERSION = YES;
				CLANG_WARN_DEPRECATED_OBJC_IMPLEMENTATIONS = YES;
				CLANG_WARN_DIRECT_OBJC_ISA_USAGE = YES_ERROR;
				CLANG_WARN_DOCUMENTATION_COMMENTS = YES;
				CLANG_WARN_EMPTY_BODY = YES;
				CLANG_WARN_ENUM_CONVERSION = YES;
				CLANG_WARN_INFINITE_RECURSION = YES;
				CLANG_WARN_INT_CONVERSION = YES;
				CLANG_WARN_NON_LITERAL_NULL_CONVERSION = YES;
				CLANG_WARN_OBJC_IMPLICIT_RETAIN_SELF = YES;
				CLANG_WARN_OBJC_LITERAL_CONVERSION = YES;
				CLANG_WARN_OBJC_ROOT_CLASS = YES_ERROR;
				CLANG_WARN_QUOTED_INCLUDE_IN_FRAMEWORK_HEADER = YES;
				CLANG_WARN_RANGE_LOOP_ANALYSIS = YES;
				CLANG_WARN_STRICT_PROTOTYPES = YES;
				CLANG_WARN_SUSPICIOUS_MOVE = YES;
				CLANG_WARN_UNGUARDED_AVAILABILITY = YES_AGGRESSIVE;
				CLANG_WARN_UNREACHABLE_CODE = YES;
				CLANG_WARN__DUPLICATE_METHOD_MATCH = YES;
				COPY_PHASE_STRIP = NO;
				DEBUG_INFORMATION_FORMAT = "dwarf-with-dsym";
				ENABLE_NS_ASSERTIONS = NO;
				ENABLE_STRICT_OBJC_MSGSEND = YES;
				GCC_C_LANGUAGE_STANDARD = gnu11;
				GCC_NO_COMMON_BLOCKS = YES;
				GCC_WARN_64_TO_32_BIT_CONVERSION = YES;
				GCC_WARN_ABOUT_RETURN_TYPE = YES_ERROR;
				GCC_WARN_UNDECLARED_SELECTOR = YES;
				GCC_WARN_UNINITIALIZED_AUTOS = YES_AGGRESSIVE;
				GCC_WARN_UNUSED_FUNCTION = YES;
				GCC_WARN_UNUSED_VARIABLE = YES;
				IPHONEOS_DEPLOYMENT_TARGET = 14.0;
				MTL_ENABLE_DEBUG_INFO = NO;
				MTL_FAST_MATH = YES;
				SDKROOT = iphoneos;
				SWIFT_COMPILATION_MODE = wholemodule;
				SWIFT_OPTIMIZATION_LEVEL = "-O";
				VALIDATE_PRODUCT = YES;
			};
			name = Release;
		};
		3305A3B0255E947B007BE9DA /* Debug */ = {
			isa = XCBuildConfiguration;
			buildSettings = {
				ASSETCATALOG_COMPILER_APPICON_NAME = AppIcon;
				ASSETCATALOG_COMPILER_GLOBAL_ACCENT_COLOR_NAME = AccentColor;
				CODE_SIGN_STYLE = Automatic;
				INFOPLIST_FILE = Day1Homework/Info.plist;
				LD_RUNPATH_SEARCH_PATHS = (
					"$(inherited)",
					"@executable_path/Frameworks",
				);
				PRODUCT_BUNDLE_IDENTIFIER = "com.winas-lesson.ios.day1.Day1Homework";
				PRODUCT_NAME = "$(TARGET_NAME)";
				SWIFT_VERSION = 5.0;
				TARGETED_DEVICE_FAMILY = "1,2";
			};
			name = Debug;
		};
		3305A3B1255E947B007BE9DA /* Release */ = {
			isa = XCBuildConfiguration;
			buildSettings = {
				ASSETCATALOG_COMPILER_APPICON_NAME = AppIcon;
				ASSETCATALOG_COMPILER_GLOBAL_ACCENT_COLOR_NAME = AccentColor;
				CODE_SIGN_STYLE = Automatic;
				INFOPLIST_FILE = Day1Homework/Info.plist;
				LD_RUNPATH_SEARCH_PATHS = (
					"$(inherited)",
					"@executable_path/Frameworks",
				);
				PRODUCT_BUNDLE_IDENTIFIER = "com.winas-lesson.ios.day1.Day1Homework";
				PRODUCT_NAME = "$(TARGET_NAME)";
				SWIFT_VERSION = 5.0;
				TARGETED_DEVICE_FAMILY = "1,2";
			};
			name = Release;
		};
/* End XCBuildConfiguration section */

/* Begin XCConfigurationList section */
		3305A396255E9479007BE9DA /* Build configuration list for PBXProject "Day1Homework" */ = {
			isa = XCConfigurationList;
			buildConfigurations = (
				3305A3AD255E947B007BE9DA /* Debug */,
				3305A3AE255E947B007BE9DA /* Release */,
			);
			defaultConfigurationIsVisible = 0;
			defaultConfigurationName = Release;
		};
		3305A3AF255E947B007BE9DA /* Build configuration list for PBXNativeTarget "Day1Homework" */ = {
			isa = XCConfigurationList;
			buildConfigurations = (
				3305A3B0255E947B007BE9DA /* Debug */,
				3305A3B1255E947B007BE9DA /* Release */,
			);
			defaultConfigurationIsVisible = 0;
			defaultConfigurationName = Release;
		};
/* End XCConfigurationList section */
	};
	rootObject = 3305A393255E9479007BE9DA /* Project object */;
}
